
Microsoft Visual Studio Solution File, Format Version 12.00
# Visual Studio Version 17
VisualStudioVersion = 17.0.31903.59
MinimumVisualStudioVersion = 10.0.40219.1
Project("{2150E333-8FDC-42A3-9474-1A3956D46DE8}") = "src", "src", "{CDD846E6-D8A1-4716-8F81-21150FAE0226}"
EndProject
Project("{FAE04EC0-301F-11D3-BF4B-00C04F79EFBC}") = "OasReader", "src\OasReader\OasReader.csproj", "{502720AD-019B-4894-A6C7-294A236B5796}"
EndProject
Project("{FAE04EC0-301F-11D3-BF4B-00C04F79EFBC}") = "OasReader.Tests", "src\OasReader.Tests\OasReader.Tests.csproj", "{D989F1B4-727D-441B-8B78-323C2E11D9AB}"
EndProject
Global
	GlobalSection(SolutionConfigurationPlatforms) = preSolution
		Debug|Any CPU = Debug|Any CPU
		Release|Any CPU = Release|Any CPU
	EndGlobalSection
	GlobalSection(SolutionProperties) = preSolution
		HideSolutionNode = FALSE
	EndGlobalSection
	GlobalSection(ProjectConfigurationPlatforms) = postSolution
		{502720AD-019B-4894-A6C7-294A236B5796}.Debug|Any CPU.ActiveCfg = Debug|Any CPU
		{502720AD-019B-4894-A6C7-294A236B5796}.Debug|Any CPU.Build.0 = Debug|Any CPU
		{502720AD-019B-4894-A6C7-294A236B5796}.Release|Any CPU.ActiveCfg = Release|Any CPU
		{502720AD-019B-4894-A6C7-294A236B5796}.Release|Any CPU.Build.0 = Release|Any CPU
		{D989F1B4-727D-441B-8B78-323C2E11D9AB}.Debug|Any CPU.ActiveCfg = Debug|Any CPU
		{D989F1B4-727D-441B-8B78-323C2E11D9AB}.Debug|Any CPU.Build.0 = Debug|Any CPU
		{D989F1B4-727D-441B-8B78-323C2E11D9AB}.Release|Any CPU.ActiveCfg = Release|Any CPU
		{D989F1B4-727D-441B-8B78-323C2E11D9AB}.Release|Any CPU.Build.0 = Release|Any CPU
	EndGlobalSection
	GlobalSection(NestedProjects) = preSolution
		{502720AD-019B-4894-A6C7-294A236B5796} = {CDD846E6-D8A1-4716-8F81-21150FAE0226}
		{D989F1B4-727D-441B-8B78-323C2E11D9AB} = {CDD846E6-D8A1-4716-8F81-21150FAE0226}
	EndGlobalSection
EndGlobal
